// !$*UTF8*$!
{
	archiveVersion = 1;
	classes = {
	};
	objectVersion = 56;
	objects = {

/* Begin PBXBuildFile section */
		7B7B50372A5EA198008348B2 /* ios_private_package in Frameworks */ = {isa = PBXBuildFile; productRef = 7B7B50362A5EA198008348B2 /* ios_private_package */; };
		7B98E1C42A4D7CD500D7C391 /* AppDelegate.swift in Sources */ = {isa = PBXBuildFile; fileRef = 7B98E1C32A4D7CD500D7C391 /* AppDelegate.swift */; };
		7B98E1C62A4D7CD500D7C391 /* SceneDelegate.swift in Sources */ = {isa = PBXBuildFile; fileRef = 7B98E1C52A4D7CD500D7C391 /* SceneDelegate.swift */; };
		7B98E1C82A4D7CD500D7C391 /* ViewController.swift in Sources */ = {isa = PBXBuildFile; fileRef = 7B98E1C72A4D7CD500D7C391 /* ViewController.swift */; };
		7B98E1CB2A4D7CD500D7C391 /* Main.storyboard in Resources */ = {isa = PBXBuildFile; fileRef = 7B98E1C92A4D7CD500D7C391 /* Main.storyboard */; };
		7B98E1CD2A4D7CD700D7C391 /* Assets.xcassets in Resources */ = {isa = PBXBuildFile; fileRef = 7B98E1CC2A4D7CD700D7C391 /* Assets.xcassets */; };
		7B98E1D02A4D7CD700D7C391 /* LaunchScreen.storyboard in Resources */ = {isa = PBXBuildFile; fileRef = 7B98E1CE2A4D7CD700D7C391 /* LaunchScreen.storyboard */; };
		7B98E1E02A4D7EC900D7C391 /* mono_package in Frameworks */ = {isa = PBXBuildFile; productRef = 7B98E1DF2A4D7EC900D7C391 /* mono_package */; };
/* End PBXBuildFile section */

/* Begin PBXFileReference section */
		7B98E1C02A4D7CD500D7C391 /* testmono.app */ = {isa = PBXFileReference; explicitFileType = wrapper.application; includeInIndex = 0; path = testmono.app; sourceTree = BUILT_PRODUCTS_DIR; };
		7B98E1C32A4D7CD500D7C391 /* AppDelegate.swift */ = {isa = PBXFileReference; lastKnownFileType = sourcecode.swift; path = AppDelegate.swift; sourceTree = "<group>"; };
		7B98E1C52A4D7CD500D7C391 /* SceneDelegate.swift */ = {isa = PBXFileReference; lastKnownFileType = sourcecode.swift; path = SceneDelegate.swift; sourceTree = "<group>"; };
		7B98E1C72A4D7CD500D7C391 /* ViewController.swift */ = {isa = PBXFileReference; lastKnownFileType = sourcecode.swift; path = ViewController.swift; sourceTree = "<group>"; };
		7B98E1CA2A4D7CD500D7C391 /* Base */ = {isa = PBXFileReference; lastKnownFileType = file.storyboard; name = Base; path = Base.lproj/Main.storyboard; sourceTree = "<group>"; };
		7B98E1CC2A4D7CD700D7C391 /* Assets.xcassets */ = {isa = PBXFileReference; lastKnownFileType = folder.assetcatalog; path = Assets.xcassets; sourceTree = "<group>"; };
		7B98E1CF2A4D7CD700D7C391 /* Base */ = {isa = PBXFileReference; lastKnownFileType = file.storyboard; name = Base; path = Base.lproj/LaunchScreen.storyboard; sourceTree = "<group>"; };
		7B98E1D12A4D7CD700D7C391 /* Info.plist */ = {isa = PBXFileReference; lastKnownFileType = text.plist.xml; path = Info.plist; sourceTree = "<group>"; };
		7B98E1DD2A4D7EB700D7C391 /* mono_package */ = {isa = PBXFileReference; lastKnownFileType = wrapper; name = mono_package; path = dev_packages/mono_package; sourceTree = "<group>"; };
/* End PBXFileReference section */

/* Begin PBXFrameworksBuildPhase section */
		7B98E1BD2A4D7CD500D7C391 /* Frameworks */ = {
			isa = PBXFrameworksBuildPhase;
			buildActionMask = 2147483647;
			files = (
				7B98E1E02A4D7EC900D7C391 /* mono_package in Frameworks */,
				7B7B50372A5EA198008348B2 /* ios_private_package in Frameworks */,
			);
			runOnlyForDeploymentPostprocessing = 0;
		};
/* End PBXFrameworksBuildPhase section */

/* Begin PBXGroup section */
		7B98E1B72A4D7CD400D7C391 = {
			isa = PBXGroup;
			children = (
				7B98E1DC2A4D7EB700D7C391 /* Packages */,
				7B98E1C22A4D7CD500D7C391 /* testmono */,
				7B98E1C12A4D7CD500D7C391 /* Products */,
				7B98E1DE2A4D7EC900D7C391 /* Frameworks */,
			);
			sourceTree = "<group>";
		};
		7B98E1C12A4D7CD500D7C391 /* Products */ = {
			isa = PBXGroup;
			children = (
				7B98E1C02A4D7CD500D7C391 /* testmono.app */,
			);
			name = Products;
			sourceTree = "<group>";
		};
		7B98E1C22A4D7CD500D7C391 /* testmono */ = {
			isa = PBXGroup;
			children = (
				7B98E1C32A4D7CD500D7C391 /* AppDelegate.swift */,
				7B98E1C52A4D7CD500D7C391 /* SceneDelegate.swift */,
				7B98E1C72A4D7CD500D7C391 /* ViewController.swift */,
				7B98E1C92A4D7CD500D7C391 /* Main.storyboard */,
				7B98E1CC2A4D7CD700D7C391 /* Assets.xcassets */,
				7B98E1CE2A4D7CD700D7C391 /* LaunchScreen.storyboard */,
				7B98E1D12A4D7CD700D7C391 /* Info.plist */,
			);
			path = testmono;
			sourceTree = "<group>";
		};
		7B98E1DC2A4D7EB700D7C391 /* Packages */ = {
			isa = PBXGroup;
			children = (
				7B98E1DD2A4D7EB700D7C391 /* mono_package */,
			);
			name = Packages;
			sourceTree = "<group>";
		};
		7B98E1DE2A4D7EC900D7C391 /* Frameworks */ = {
			isa = PBXGroup;
			children = (
			);
			name = Frameworks;
			sourceTree = "<group>";
		};
/* End PBXGroup section */

/* Begin PBXNativeTarget section */
		7B98E1BF2A4D7CD500D7C391 /* testmono */ = {
			isa = PBXNativeTarget;
			buildConfigurationList = 7B98E1D42A4D7CD700D7C391 /* Build configuration list for PBXNativeTarget "testmono" */;
			buildPhases = (
				7B98E1BC2A4D7CD500D7C391 /* Sources */,
				7B98E1BD2A4D7CD500D7C391 /* Frameworks */,
				7B98E1BE2A4D7CD500D7C391 /* Resources */,
			);
			buildRules = (
			);
			dependencies = (
			);
			name = testmono;
			packageProductDependencies = (
				7B98E1DF2A4D7EC900D7C391 /* mono_package */,
				7B7B50362A5EA198008348B2 /* ios_private_package */,
			);
			productName = testmono;
			productReference = 7B98E1C02A4D7CD500D7C391 /* testmono.app */;
			productType = "com.apple.product-type.application";
		};
/* End PBXNativeTarget section */

/* Begin PBXProject section */
		7B98E1B82A4D7CD400D7C391 /* Project object */ = {
			isa = PBXProject;
			attributes = {
				BuildIndependentTargetsInParallel = 1;
				LastSwiftUpdateCheck = 1430;
				LastUpgradeCheck = 1430;
				TargetAttributes = {
					7B98E1BF2A4D7CD500D7C391 = {
						CreatedOnToolsVersion = 14.3.1;
					};
				};
			};
			buildConfigurationList = 7B98E1BB2A4D7CD400D7C391 /* Build configuration list for PBXProject "testmono" */;
			compatibilityVersion = "Xcode 14.0";
			developmentRegion = en;
			hasScannedForEncodings = 0;
			knownRegions = (
				en,
				Base,
			);
			mainGroup = 7B98E1B72A4D7CD400D7C391;
			packageReferences = (
				7B7B50352A5EA198008348B2 /* XCRemoteSwiftPackageReference "sample_mono_package" */,
			);
			productRefGroup = 7B98E1C12A4D7CD500D7C391 /* Products */;
			projectDirPath = "";
			projectRoot = "";
			targets = (
				7B98E1BF2A4D7CD500D7C391 /* testmono */,
			);
		};
/* End PBXProject section */

/* Begin PBXResourcesBuildPhase section */
		7B98E1BE2A4D7CD500D7C391 /* Resources */ = {
			isa = PBXResourcesBuildPhase;
			buildActionMask = 2147483647;
			files = (
				7B98E1D02A4D7CD700D7C391 /* LaunchScreen.storyboard in Resources */,
				7B98E1CD2A4D7CD700D7C391 /* Assets.xcassets in Resources */,
				7B98E1CB2A4D7CD500D7C391 /* Main.storyboard in Resources */,
			);
			runOnlyForDeploymentPostprocessing = 0;
		};
/* End PBXResourcesBuildPhase section */

/* Begin PBXSourcesBuildPhase section */
		7B98E1BC2A4D7CD500D7C391 /* Sources */ = {
			isa = PBXSourcesBuildPhase;
			buildActionMask = 2147483647;
			files = (
				7B98E1C82A4D7CD500D7C391 /* ViewController.swift in Sources */,
				7B98E1C42A4D7CD500D7C391 /* AppDelegate.swift in Sources */,
				7B98E1C62A4D7CD500D7C391 /* SceneDelegate.swift in Sources */,
			);
			runOnlyForDeploymentPostprocessing = 0;
		};
/* End PBXSourcesBuildPhase section */

/* Begin PBXVariantGroup section */
		7B98E1C92A4D7CD500D7C391 /* Main.storyboard */ = {
			isa = PBXVariantGroup;
			children = (
				7B98E1CA2A4D7CD500D7C391 /* Base */,
			);
			name = Main.storyboard;
			sourceTree = "<group>";
		};
		7B98E1CE2A4D7CD700D7C391 /* LaunchScreen.storyboard */ = {
			isa = PBXVariantGroup;
			children = (
				7B98E1CF2A4D7CD700D7C391 /* Base */,
			);
			name = LaunchScreen.storyboard;
			sourceTree = "<group>";
		};
/* End PBXVariantGroup section */

/* Begin XCBuildConfiguration section */
		7B98E1D22A4D7CD700D7C391 /* Debug */ = {
			isa = XCBuildConfiguration;
			buildSettings = {
				ALWAYS_SEARCH_USER_PATHS = NO;
				CLANG_ANALYZER_NONNULL = YES;
				CLANG_ANALYZER_NUMBER_OBJECT_CONVERSION = YES_AGGRESSIVE;
				CLANG_CXX_LANGUAGE_STANDARD = "gnu++20";
				CLANG_ENABLE_MODULES = YES;
				CLANG_ENABLE_OBJC_ARC = YES;
				CLANG_ENABLE_OBJC_WEAK = YES;
				CLANG_WARN_BLOCK_CAPTURE_AUTORELEASING = YES;
				CLANG_WARN_BOOL_CONVERSION = YES;
				CLANG_WARN_COMMA = YES;
				CLANG_WARN_CONSTANT_CONVERSION = YES;
				CLANG_WARN_DEPRECATED_OBJC_IMPLEMENTATIONS = YES;
				CLANG_WARN_DIRECT_OBJC_ISA_USAGE = YES_ERROR;
				CLANG_WARN_DOCUMENTATION_COMMENTS = YES;
				CLANG_WARN_EMPTY_BODY = YES;
				CLANG_WARN_ENUM_CONVERSION = YES;
				CLANG_WARN_INFINITE_RECURSION = YES;
				CLANG_WARN_INT_CONVERSION = YES;
				CLANG_WARN_NON_LITERAL_NULL_CONVERSION = YES;
				CLANG_WARN_OBJC_IMPLICIT_RETAIN_SELF = YES;
				CLANG_WARN_OBJC_LITERAL_CONVERSION = YES;
				CLANG_WARN_OBJC_ROOT_CLASS = YES_ERROR;
				CLANG_WARN_QUOTED_INCLUDE_IN_FRAMEWORK_HEADER = YES;
				CLANG_WARN_RANGE_LOOP_ANALYSIS = YES;
				CLANG_WARN_STRICT_PROTOTYPES = YES;
				CLANG_WARN_SUSPICIOUS_MOVE = YES;
				CLANG_WARN_UNGUARDED_AVAILABILITY = YES_AGGRESSIVE;
				CLANG_WARN_UNREACHABLE_CODE = YES;
				CLANG_WARN__DUPLICATE_METHOD_MATCH = YES;
				COPY_PHASE_STRIP = NO;
				DEBUG_INFORMATION_FORMAT = dwarf;
				ENABLE_STRICT_OBJC_MSGSEND = YES;
				ENABLE_TESTABILITY = YES;
				GCC_C_LANGUAGE_STANDARD = gnu11;
				GCC_DYNAMIC_NO_PIC = NO;
				GCC_NO_COMMON_BLOCKS = YES;
				GCC_OPTIMIZATION_LEVEL = 0;
				GCC_PREPROCESSOR_DEFINITIONS = (
					"DEBUG=1",
					"$(inherited)",
				);
				GCC_WARN_64_TO_32_BIT_CONVERSION = YES;
				GCC_WARN_ABOUT_RETURN_TYPE = YES_ERROR;
				GCC_WARN_UNDECLARED_SELECTOR = YES;
				GCC_WARN_UNINITIALIZED_AUTOS = YES_AGGRESSIVE;
				GCC_WARN_UNUSED_FUNCTION = YES;
				GCC_WARN_UNUSED_VARIABLE = YES;
				IPHONEOS_DEPLOYMENT_TARGET = 16.4;
				MTL_ENABLE_DEBUG_INFO = INCLUDE_SOURCE;
				MTL_FAST_MATH = YES;
				ONLY_ACTIVE_ARCH = YES;
				SDKROOT = iphoneos;
				SWIFT_ACTIVE_COMPILATION_CONDITIONS = DEBUG;
				SWIFT_OPTIMIZATION_LEVEL = "-Onone";
			};
			name = Debug;
		};
		7B98E1D32A4D7CD700D7C391 /* Release */ = {
			isa = XCBuildConfiguration;
			buildSettings = {
				ALWAYS_SEARCH_USER_PATHS = NO;
				CLANG_ANALYZER_NONNULL = YES;
				CLANG_ANALYZER_NUMBER_OBJECT_CONVERSION = YES_AGGRESSIVE;
				CLANG_CXX_LANGUAGE_STANDARD = "gnu++20";
				CLANG_ENABLE_MODULES = YES;
				CLANG_ENABLE_OBJC_ARC = YES;
				CLANG_ENABLE_OBJC_WEAK = YES;
				CLANG_WARN_BLOCK_CAPTURE_AUTORELEASING = YES;
				CLANG_WARN_BOOL_CONVERSION = YES;
				CLANG_WARN_COMMA = YES;
				CLANG_WARN_CONSTANT_CONVERSION = YES;
				CLANG_WARN_DEPRECATED_OBJC_IMPLEMENTATIONS = YES;
				CLANG_WARN_DIRECT_OBJC_ISA_USAGE = YES_ERROR;
				CLANG_WARN_DOCUMENTATION_COMMENTS = YES;
				CLANG_WARN_EMPTY_BODY = YES;
				CLANG_WARN_ENUM_CONVERSION = YES;
				CLANG_WARN_INFINITE_RECURSION = YES;
				CLANG_WARN_INT_CONVERSION = YES;
				CLANG_WARN_NON_LITERAL_NULL_CONVERSION = YES;
				CLANG_WARN_OBJC_IMPLICIT_RETAIN_SELF = YES;
				CLANG_WARN_OBJC_LITERAL_CONVERSION = YES;
				CLANG_WARN_OBJC_ROOT_CLASS = YES_ERROR;
				CLANG_WARN_QUOTED_INCLUDE_IN_FRAMEWORK_HEADER = YES;
				CLANG_WARN_RANGE_LOOP_ANALYSIS = YES;
				CLANG_WARN_STRICT_PROTOTYPES = YES;
				CLANG_WARN_SUSPICIOUS_MOVE = YES;
				CLANG_WARN_UNGUARDED_AVAILABILITY = YES_AGGRESSIVE;
				CLANG_WARN_UNREACHABLE_CODE = YES;
				CLANG_WARN__DUPLICATE_METHOD_MATCH = YES;
				COPY_PHASE_STRIP = NO;
				DEBUG_INFORMATION_FORMAT = "dwarf-with-dsym";
				ENABLE_NS_ASSERTIONS = NO;
				ENABLE_STRICT_OBJC_MSGSEND = YES;
				GCC_C_LANGUAGE_STANDARD = gnu11;
				GCC_NO_COMMON_BLOCKS = YES;
				GCC_WARN_64_TO_32_BIT_CONVERSION = YES;
				GCC_WARN_ABOUT_RETURN_TYPE = YES_ERROR;
				GCC_WARN_UNDECLARED_SELECTOR = YES;
				GCC_WARN_UNINITIALIZED_AUTOS = YES_AGGRESSIVE;
				GCC_WARN_UNUSED_FUNCTION = YES;
				GCC_WARN_UNUSED_VARIABLE = YES;
				IPHONEOS_DEPLOYMENT_TARGET = 16.4;
				MTL_ENABLE_DEBUG_INFO = NO;
				MTL_FAST_MATH = YES;
				SDKROOT = iphoneos;
				SWIFT_COMPILATION_MODE = wholemodule;
				SWIFT_OPTIMIZATION_LEVEL = "-O";
				VALIDATE_PRODUCT = YES;
			};
			name = Release;
		};
		7B98E1D52A4D7CD700D7C391 /* Debug */ = {
			isa = XCBuildConfiguration;
			buildSettings = {
				ASSETCATALOG_COMPILER_APPICON_NAME = AppIcon;
				ASSETCATALOG_COMPILER_GLOBAL_ACCENT_COLOR_NAME = AccentColor;
				"CODE_SIGN_IDENTITY[sdk=iphoneos*]" = "iPhone Developer";
				CODE_SIGN_STYLE = Manual;
				CURRENT_PROJECT_VERSION = 1;
				DEVELOPMENT_TEAM = "";
				"DEVELOPMENT_TEAM[sdk=iphoneos*]" = DMHF3K9T23;
				GENERATE_INFOPLIST_FILE = YES;
				INFOPLIST_FILE = testmono/Info.plist;
				INFOPLIST_KEY_UIApplicationSupportsIndirectInputEvents = YES;
				INFOPLIST_KEY_UILaunchStoryboardName = LaunchScreen;
				INFOPLIST_KEY_UIMainStoryboardFile = Main;
				INFOPLIST_KEY_UISupportedInterfaceOrientations_iPad = "UIInterfaceOrientationPortrait UIInterfaceOrientationPortraitUpsideDown UIInterfaceOrientationLandscapeLeft UIInterfaceOrientationLandscapeRight";
				INFOPLIST_KEY_UISupportedInterfaceOrientations_iPhone = "UIInterfaceOrientationPortrait UIInterfaceOrientationLandscapeLeft UIInterfaceOrientationLandscapeRight";
				LD_RUNPATH_SEARCH_PATHS = (
					"$(inherited)",
					"@executable_path/Frameworks",
				);
				MARKETING_VERSION = 1.0;
				PRODUCT_BUNDLE_IDENTIFIER = com.aduro.testmono;
				PRODUCT_NAME = "$(TARGET_NAME)";
				PROVISIONING_PROFILE_SPECIFIER = "";
				"PROVISIONING_PROFILE_SPECIFIER[sdk=iphoneos*]" = "match Development com.aduro.testmono";
				SWIFT_EMIT_LOC_STRINGS = YES;
				SWIFT_VERSION = 5.0;
				TARGETED_DEVICE_FAMILY = "1,2";
			};
			name = Debug;
		};
		7B98E1D62A4D7CD700D7C391 /* Release */ = {
			isa = XCBuildConfiguration;
			buildSettings = {
				ASSETCATALOG_COMPILER_APPICON_NAME = AppIcon;
				ASSETCATALOG_COMPILER_GLOBAL_ACCENT_COLOR_NAME = AccentColor;
				"CODE_SIGN_IDENTITY[sdk=iphoneos*]" = "iPhone Developer";
				CODE_SIGN_STYLE = Manual;
				CURRENT_PROJECT_VERSION = 1;
				DEVELOPMENT_TEAM = "";
				"DEVELOPMENT_TEAM[sdk=iphoneos*]" = DMHF3K9T23;
				GENERATE_INFOPLIST_FILE = YES;
				INFOPLIST_FILE = testmono/Info.plist;
				INFOPLIST_KEY_UIApplicationSupportsIndirectInputEvents = YES;
				INFOPLIST_KEY_UILaunchStoryboardName = LaunchScreen;
				INFOPLIST_KEY_UIMainStoryboardFile = Main;
				INFOPLIST_KEY_UISupportedInterfaceOrientations_iPad = "UIInterfaceOrientationPortrait UIInterfaceOrientationPortraitUpsideDown UIInterfaceOrientationLandscapeLeft UIInterfaceOrientationLandscapeRight";
				INFOPLIST_KEY_UISupportedInterfaceOrientations_iPhone = "UIInterfaceOrientationPortrait UIInterfaceOrientationLandscapeLeft UIInterfaceOrientationLandscapeRight";
				LD_RUNPATH_SEARCH_PATHS = (
					"$(inherited)",
					"@executable_path/Frameworks",
				);
				MARKETING_VERSION = 1.0;
				PRODUCT_BUNDLE_IDENTIFIER = com.aduro.testmono;
				PRODUCT_NAME = "$(TARGET_NAME)";
				PROVISIONING_PROFILE_SPECIFIER = "";
				"PROVISIONING_PROFILE_SPECIFIER[sdk=iphoneos*]" = "match Development com.aduro.testmono";
				SWIFT_EMIT_LOC_STRINGS = YES;
				SWIFT_VERSION = 5.0;
				TARGETED_DEVICE_FAMILY = "1,2";
			};
			name = Release;
		};
/* End XCBuildConfiguration section */

/* Begin XCConfigurationList section */
		7B98E1BB2A4D7CD400D7C391 /* Build configuration list for PBXProject "testmono" */ = {
			isa = XCConfigurationList;
			buildConfigurations = (
				7B98E1D22A4D7CD700D7C391 /* Debug */,
				7B98E1D32A4D7CD700D7C391 /* Release */,
			);
			defaultConfigurationIsVisible = 0;
			defaultConfigurationName = Release;
		};
		7B98E1D42A4D7CD700D7C391 /* Build configuration list for PBXNativeTarget "testmono" */ = {
			isa = XCConfigurationList;
			buildConfigurations = (
				7B98E1D52A4D7CD700D7C391 /* Debug */,
				7B98E1D62A4D7CD700D7C391 /* Release */,
			);
			defaultConfigurationIsVisible = 0;
			defaultConfigurationName = Release;
		};
/* End XCConfigurationList section */

/* Begin XCRemoteSwiftPackageReference section */
		7B7B50352A5EA198008348B2 /* XCRemoteSwiftPackageReference "sample_mono_package" */ = {
			isa = XCRemoteSwiftPackageReference;
			repositoryURL = "https://github.com/acumenrev/sample_mono_package";
			requirement = {
				branch = master;
				kind = branch;
			};
		};
/* End XCRemoteSwiftPackageReference section */

/* Begin XCSwiftPackageProductDependency section */
		7B7B50362A5EA198008348B2 /* ios_private_package */ = {
			isa = XCSwiftPackageProductDependency;
			package = 7B7B50352A5EA198008348B2 /* XCRemoteSwiftPackageReference "sample_mono_package" */;
			productName = ios_private_package;
		};
		7B98E1DF2A4D7EC900D7C391 /* mono_package */ = {
			isa = XCSwiftPackageProductDependency;
			productName = mono_package;
		};
/* End XCSwiftPackageProductDependency section */
	};
	rootObject = 7B98E1B82A4D7CD400D7C391 /* Project object */;
}
