{
  "pins" : [
    {
      "identity" : "sample_mono_package",
      "kind" : "remoteSourceControl",
      "location" : "https://github.com/acumenrev/sample_mono_package",
      "state" : {
        "branch" : "master",
        "revision" : "8452417ba9f966b4ce87f8e2d8aba4c8ea099c82"
      }
    }
  ],
  "version" : 2
}
